// !$*UTF8*$!
{
	archiveVersion = 1;
	classes = {
	};
	objectVersion = 46;
	objects = {

/* Begin PBXBuildFile section */
		516B17E21B3B334500CD42E9 /* AppDelegate.swift in Sources */ = {isa = PBXBuildFile; fileRef = 516B17E11B3B334500CD42E9 /* AppDelegate.swift */; };
		516B17E51B3B334500CD42E9 /* PigLatin.xcdatamodeld in Sources */ = {isa = PBXBuildFile; fileRef = 516B17E31B3B334500CD42E9 /* PigLatin.xcdatamodeld */; };
		516B17E71B3B334500CD42E9 /* ViewController.swift in Sources */ = {isa = PBXBuildFile; fileRef = 516B17E61B3B334500CD42E9 /* ViewController.swift */; };
		516B17EA1B3B334500CD42E9 /* Main.storyboard in Resources */ = {isa = PBXBuildFile; fileRef = 516B17E81B3B334500CD42E9 /* Main.storyboard */; };
		516B17EC1B3B334500CD42E9 /* Images.xcassets in Resources */ = {isa = PBXBuildFile; fileRef = 516B17EB1B3B334500CD42E9 /* Images.xcassets */; };
		516B17EF1B3B334500CD42E9 /* LaunchScreen.xib in Resources */ = {isa = PBXBuildFile; fileRef = 516B17ED1B3B334500CD42E9 /* LaunchScreen.xib */; };
		516B17FB1B3B334500CD42E9 /* PigLatinTests.swift in Sources */ = {isa = PBXBuildFile; fileRef = 516B17FA1B3B334500CD42E9 /* PigLatinTests.swift */; };
/* End PBXBuildFile section */

/* Begin PBXContainerItemProxy section */
		516B17F51B3B334500CD42E9 /* PBXContainerItemProxy */ = {
			isa = PBXContainerItemProxy;
			containerPortal = 516B17D41B3B334500CD42E9 /* Project object */;
			proxyType = 1;
			remoteGlobalIDString = 516B17DB1B3B334500CD42E9;
			remoteInfo = PigLatin;
		};
/* End PBXContainerItemProxy section */

/* Begin PBXFileReference section */
		516B17DC1B3B334500CD42E9 /* PigLatin.app */ = {isa = PBXFileReference; explicitFileType = wrapper.application; includeInIndex = 0; path = PigLatin.app; sourceTree = BUILT_PRODUCTS_DIR; };
		516B17E01B3B334500CD42E9 /* Info.plist */ = {isa = PBXFileReference; lastKnownFileType = text.plist.xml; path = Info.plist; sourceTree = "<group>"; };
		516B17E11B3B334500CD42E9 /* AppDelegate.swift */ = {isa = PBXFileReference; lastKnownFileType = sourcecode.swift; path = AppDelegate.swift; sourceTree = "<group>"; };
		516B17E41B3B334500CD42E9 /* PigLatin.xcdatamodel */ = {isa = PBXFileReference; lastKnownFileType = wrapper.xcdatamodel; path = PigLatin.xcdatamodel; sourceTree = "<group>"; };
		516B17E61B3B334500CD42E9 /* ViewController.swift */ = {isa = PBXFileReference; lastKnownFileType = sourcecode.swift; path = ViewController.swift; sourceTree = "<group>"; };
		516B17E91B3B334500CD42E9 /* Base */ = {isa = PBXFileReference; lastKnownFileType = file.storyboard; name = Base; path = Base.lproj/Main.storyboard; sourceTree = "<group>"; };
		516B17EB1B3B334500CD42E9 /* Images.xcassets */ = {isa = PBXFileReference; lastKnownFileType = folder.assetcatalog; path = Images.xcassets; sourceTree = "<group>"; };
		516B17EE1B3B334500CD42E9 /* Base */ = {isa = PBXFileReference; lastKnownFileType = file.xib; name = Base; path = Base.lproj/LaunchScreen.xib; sourceTree = "<group>"; };
		516B17F41B3B334500CD42E9 /* PigLatinTests.xctest */ = {isa = PBXFileReference; explicitFileType = wrapper.cfbundle; includeInIndex = 0; path = PigLatinTests.xctest; sourceTree = BUILT_PRODUCTS_DIR; };
		516B17F91B3B334500CD42E9 /* Info.plist */ = {isa = PBXFileReference; lastKnownFileType = text.plist.xml; path = Info.plist; sourceTree = "<group>"; };
		516B17FA1B3B334500CD42E9 /* PigLatinTests.swift */ = {isa = PBXFileReference; lastKnownFileType = sourcecode.swift; path = PigLatinTests.swift; sourceTree = "<group>"; };
/* End PBXFileReference section */

/* Begin PBXFrameworksBuildPhase section */
		516B17D91B3B334500CD42E9 /* Frameworks */ = {
			isa = PBXFrameworksBuildPhase;
			buildActionMask = 2147483647;
			files = (
			);
			runOnlyForDeploymentPostprocessing = 0;
		};
		516B17F11B3B334500CD42E9 /* Frameworks */ = {
			isa = PBXFrameworksBuildPhase;
			buildActionMask = 2147483647;
			files = (
			);
			runOnlyForDeploymentPostprocessing = 0;
		};
/* End PBXFrameworksBuildPhase section */

/* Begin PBXGroup section */
		516B17D31B3B334500CD42E9 = {
			isa = PBXGroup;
			children = (
				516B17DE1B3B334500CD42E9 /* PigLatin */,
				516B17F71B3B334500CD42E9 /* PigLatinTests */,
				516B17DD1B3B334500CD42E9 /* Products */,
			);
			sourceTree = "<group>";
		};
		516B17DD1B3B334500CD42E9 /* Products */ = {
			isa = PBXGroup;
			children = (
				516B17DC1B3B334500CD42E9 /* PigLatin.app */,
				516B17F41B3B334500CD42E9 /* PigLatinTests.xctest */,
			);
			name = Products;
			sourceTree = "<group>";
		};
		516B17DE1B3B334500CD42E9 /* PigLatin */ = {
			isa = PBXGroup;
			children = (
				516B17E11B3B334500CD42E9 /* AppDelegate.swift */,
				516B17E61B3B334500CD42E9 /* ViewController.swift */,
				516B17E81B3B334500CD42E9 /* Main.storyboard */,
				516B17EB1B3B334500CD42E9 /* Images.xcassets */,
				516B17ED1B3B334500CD42E9 /* LaunchScreen.xib */,
				516B17E31B3B334500CD42E9 /* PigLatin.xcdatamodeld */,
				516B17DF1B3B334500CD42E9 /* Supporting Files */,
			);
			path = PigLatin;
			sourceTree = "<group>";
		};
		516B17DF1B3B334500CD42E9 /* Supporting Files */ = {
			isa = PBXGroup;
			children = (
				516B17E01B3B334500CD42E9 /* Info.plist */,
			);
			name = "Supporting Files";
			sourceTree = "<group>";
		};
		516B17F71B3B334500CD42E9 /* PigLatinTests */ = {
			isa = PBXGroup;
			children = (
				516B17FA1B3B334500CD42E9 /* PigLatinTests.swift */,
				516B17F81B3B334500CD42E9 /* Supporting Files */,
			);
			path = PigLatinTests;
			sourceTree = "<group>";
		};
		516B17F81B3B334500CD42E9 /* Supporting Files */ = {
			isa = PBXGroup;
			children = (
				516B17F91B3B334500CD42E9 /* Info.plist */,
			);
			name = "Supporting Files";
			sourceTree = "<group>";
		};
/* End PBXGroup section */

/* Begin PBXNativeTarget section */
		516B17DB1B3B334500CD42E9 /* PigLatin */ = {
			isa = PBXNativeTarget;
			buildConfigurationList = 516B17FE1B3B334500CD42E9 /* Build configuration list for PBXNativeTarget "PigLatin" */;
			buildPhases = (
				516B17D81B3B334500CD42E9 /* Sources */,
				516B17D91B3B334500CD42E9 /* Frameworks */,
				516B17DA1B3B334500CD42E9 /* Resources */,
			);
			buildRules = (
			);
			dependencies = (
			);
			name = PigLatin;
			productName = PigLatin;
			productReference = 516B17DC1B3B334500CD42E9 /* PigLatin.app */;
			productType = "com.apple.product-type.application";
		};
		516B17F31B3B334500CD42E9 /* PigLatinTests */ = {
			isa = PBXNativeTarget;
			buildConfigurationList = 516B18011B3B334500CD42E9 /* Build configuration list for PBXNativeTarget "PigLatinTests" */;
			buildPhases = (
				516B17F01B3B334500CD42E9 /* Sources */,
				516B17F11B3B334500CD42E9 /* Frameworks */,
				516B17F21B3B334500CD42E9 /* Resources */,
			);
			buildRules = (
			);
			dependencies = (
				516B17F61B3B334500CD42E9 /* PBXTargetDependency */,
			);
			name = PigLatinTests;
			productName = PigLatinTests;
			productReference = 516B17F41B3B334500CD42E9 /* PigLatinTests.xctest */;
			productType = "com.apple.product-type.bundle.unit-test";
		};
/* End PBXNativeTarget section */

/* Begin PBXProject section */
		516B17D41B3B334500CD42E9 /* Project object */ = {
			isa = PBXProject;
			attributes = {
				LastUpgradeCheck = 0630;
				ORGANIZATIONNAME = "Monsoon Co";
				TargetAttributes = {
					516B17DB1B3B334500CD42E9 = {
						CreatedOnToolsVersion = 6.3.1;
					};
					516B17F31B3B334500CD42E9 = {
						CreatedOnToolsVersion = 6.3.1;
						TestTargetID = 516B17DB1B3B334500CD42E9;
					};
				};
			};
			buildConfigurationList = 516B17D71B3B334500CD42E9 /* Build configuration list for PBXProject "PigLatin" */;
			compatibilityVersion = "Xcode 3.2";
			developmentRegion = English;
			hasScannedForEncodings = 0;
			knownRegions = (
				en,
				Base,
			);
			mainGroup = 516B17D31B3B334500CD42E9;
			productRefGroup = 516B17DD1B3B334500CD42E9 /* Products */;
			projectDirPath = "";
			projectRoot = "";
			targets = (
				516B17DB1B3B334500CD42E9 /* PigLatin */,
				516B17F31B3B334500CD42E9 /* PigLatinTests */,
			);
		};
/* End PBXProject section */

/* Begin PBXResourcesBuildPhase section */
		516B17DA1B3B334500CD42E9 /* Resources */ = {
			isa = PBXResourcesBuildPhase;
			buildActionMask = 2147483647;
			files = (
				516B17EA1B3B334500CD42E9 /* Main.storyboard in Resources */,
				516B17EF1B3B334500CD42E9 /* LaunchScreen.xib in Resources */,
				516B17EC1B3B334500CD42E9 /* Images.xcassets in Resources */,
			);
			runOnlyForDeploymentPostprocessing = 0;
		};
		516B17F21B3B334500CD42E9 /* Resources */ = {
			isa = PBXResourcesBuildPhase;
			buildActionMask = 2147483647;
			files = (
			);
			runOnlyForDeploymentPostprocessing = 0;
		};
/* End PBXResourcesBuildPhase section */

/* Begin PBXSourcesBuildPhase section */
		516B17D81B3B334500CD42E9 /* Sources */ = {
			isa = PBXSourcesBuildPhase;
			buildActionMask = 2147483647;
			files = (
				516B17E71B3B334500CD42E9 /* ViewController.swift in Sources */,
				516B17E21B3B334500CD42E9 /* AppDelegate.swift in Sources */,
				516B17E51B3B334500CD42E9 /* PigLatin.xcdatamodeld in Sources */,
			);
			runOnlyForDeploymentPostprocessing = 0;
		};
		516B17F01B3B334500CD42E9 /* Sources */ = {
			isa = PBXSourcesBuildPhase;
			buildActionMask = 2147483647;
			files = (
				516B17FB1B3B334500CD42E9 /* PigLatinTests.swift in Sources */,
			);
			runOnlyForDeploymentPostprocessing = 0;
		};
/* End PBXSourcesBuildPhase section */

/* Begin PBXTargetDependency section */
		516B17F61B3B334500CD42E9 /* PBXTargetDependency */ = {
			isa = PBXTargetDependency;
			target = 516B17DB1B3B334500CD42E9 /* PigLatin */;
			targetProxy = 516B17F51B3B334500CD42E9 /* PBXContainerItemProxy */;
		};
/* End PBXTargetDependency section */

/* Begin PBXVariantGroup section */
		516B17E81B3B334500CD42E9 /* Main.storyboard */ = {
			isa = PBXVariantGroup;
			children = (
				516B17E91B3B334500CD42E9 /* Base */,
			);
			name = Main.storyboard;
			sourceTree = "<group>";
		};
		516B17ED1B3B334500CD42E9 /* LaunchScreen.xib */ = {
			isa = PBXVariantGroup;
			children = (
				516B17EE1B3B334500CD42E9 /* Base */,
			);
			name = LaunchScreen.xib;
			sourceTree = "<group>";
		};
/* End PBXVariantGroup section */

/* Begin XCBuildConfiguration section */
		516B17FC1B3B334500CD42E9 /* Debug */ = {
			isa = XCBuildConfiguration;
			buildSettings = {
				ALWAYS_SEARCH_USER_PATHS = NO;
				CLANG_CXX_LANGUAGE_STANDARD = "gnu++0x";
				CLANG_CXX_LIBRARY = "libc++";
				CLANG_ENABLE_MODULES = YES;
				CLANG_ENABLE_OBJC_ARC = YES;
				CLANG_WARN_BOOL_CONVERSION = YES;
				CLANG_WARN_CONSTANT_CONVERSION = YES;
				CLANG_WARN_DIRECT_OBJC_ISA_USAGE = YES_ERROR;
				CLANG_WARN_EMPTY_BODY = YES;
				CLANG_WARN_ENUM_CONVERSION = YES;
				CLANG_WARN_INT_CONVERSION = YES;
				CLANG_WARN_OBJC_ROOT_CLASS = YES_ERROR;
				CLANG_WARN_UNREACHABLE_CODE = YES;
				CLANG_WARN__DUPLICATE_METHOD_MATCH = YES;
				"CODE_SIGN_IDENTITY[sdk=iphoneos*]" = "iPhone Developer";
				COPY_PHASE_STRIP = NO;
				DEBUG_INFORMATION_FORMAT = "dwarf-with-dsym";
				ENABLE_STRICT_OBJC_MSGSEND = YES;
				GCC_C_LANGUAGE_STANDARD = gnu99;
				GCC_DYNAMIC_NO_PIC = NO;
				GCC_NO_COMMON_BLOCKS = YES;
				GCC_OPTIMIZATION_LEVEL = 0;
				GCC_PREPROCESSOR_DEFINITIONS = (
					"DEBUG=1",
					"$(inherited)",
				);
				GCC_SYMBOLS_PRIVATE_EXTERN = NO;
				GCC_WARN_64_TO_32_BIT_CONVERSION = YES;
				GCC_WARN_ABOUT_RETURN_TYPE = YES_ERROR;
				GCC_WARN_UNDECLARED_SELECTOR = YES;
				GCC_WARN_UNINITIALIZED_AUTOS = YES_AGGRESSIVE;
				GCC_WARN_UNUSED_FUNCTION = YES;
				GCC_WARN_UNUSED_VARIABLE = YES;
				IPHONEOS_DEPLOYMENT_TARGET = 8.3;
				MTL_ENABLE_DEBUG_INFO = YES;
				ONLY_ACTIVE_ARCH = YES;
				SDKROOT = iphoneos;
				SWIFT_OPTIMIZATION_LEVEL = "-Onone";
			};
			name = Debug;
		};
		516B17FD1B3B334500CD42E9 /* Release */ = {
			isa = XCBuildConfiguration;
			buildSettings = {
				ALWAYS_SEARCH_USER_PATHS = NO;
				CLANG_CXX_LANGUAGE_STANDARD = "gnu++0x";
				CLANG_CXX_LIBRARY = "libc++";
				CLANG_ENABLE_MODULES = YES;
				CLANG_ENABLE_OBJC_ARC = YES;
				CLANG_WARN_BOOL_CONVERSION = YES;
				CLANG_WARN_CONSTANT_CONVERSION = YES;
				CLANG_WARN_DIRECT_OBJC_ISA_USAGE = YES_ERROR;
				CLANG_WARN_EMPTY_BODY = YES;
				CLANG_WARN_ENUM_CONVERSION = YES;
				CLANG_WARN_INT_CONVERSION = YES;
				CLANG_WARN_OBJC_ROOT_CLASS = YES_ERROR;
				CLANG_WARN_UNREACHABLE_CODE = YES;
				CLANG_WARN__DUPLICATE_METHOD_MATCH = YES;
				"CODE_SIGN_IDENTITY[sdk=iphoneos*]" = "iPhone Developer";
				COPY_PHASE_STRIP = NO;
				DEBUG_INFORMATION_FORMAT = "dwarf-with-dsym";
				ENABLE_NS_ASSERTIONS = NO;
				ENABLE_STRICT_OBJC_MSGSEND = YES;
				GCC_C_LANGUAGE_STANDARD = gnu99;
				GCC_NO_COMMON_BLOCKS = YES;
				GCC_WARN_64_TO_32_BIT_CONVERSION = YES;
				GCC_WARN_ABOUT_RETURN_TYPE = YES_ERROR;
				GCC_WARN_UNDECLARED_SELECTOR = YES;
				GCC_WARN_UNINITIALIZED_AUTOS = YES_AGGRESSIVE;
				GCC_WARN_UNUSED_FUNCTION = YES;
				GCC_WARN_UNUSED_VARIABLE = YES;
				IPHONEOS_DEPLOYMENT_TARGET = 8.3;
				MTL_ENABLE_DEBUG_INFO = NO;
				SDKROOT = iphoneos;
				VALIDATE_PRODUCT = YES;
			};
			name = Release;
		};
		516B17FF1B3B334500CD42E9 /* Debug */ = {
			isa = XCBuildConfiguration;
			buildSettings = {
				ASSETCATALOG_COMPILER_APPICON_NAME = AppIcon;
				INFOPLIST_FILE = PigLatin/Info.plist;
				LD_RUNPATH_SEARCH_PATHS = "$(inherited) @executable_path/Frameworks";
				PRODUCT_NAME = "$(TARGET_NAME)";
			};
			name = Debug;
		};
		516B18001B3B334500CD42E9 /* Release */ = {
			isa = XCBuildConfiguration;
			buildSettings = {
				ASSETCATALOG_COMPILER_APPICON_NAME = AppIcon;
				INFOPLIST_FILE = PigLatin/Info.plist;
				LD_RUNPATH_SEARCH_PATHS = "$(inherited) @executable_path/Frameworks";
				PRODUCT_NAME = "$(TARGET_NAME)";
			};
			name = Release;
		};
		516B18021B3B334500CD42E9 /* Debug */ = {
			isa = XCBuildConfiguration;
			buildSettings = {
				BUNDLE_LOADER = "$(TEST_HOST)";
				FRAMEWORK_SEARCH_PATHS = (
					"$(SDKROOT)/Developer/Library/Frameworks",
					"$(inherited)",
				);
				GCC_PREPROCESSOR_DEFINITIONS = (
					"DEBUG=1",
					"$(inherited)",
				);
				INFOPLIST_FILE = PigLatinTests/Info.plist;
				LD_RUNPATH_SEARCH_PATHS = "$(inherited) @executable_path/Frameworks @loader_path/Frameworks";
				PRODUCT_NAME = "$(TARGET_NAME)";
				TEST_HOST = "$(BUILT_PRODUCTS_DIR)/PigLatin.app/PigLatin";
			};
			name = Debug;
		};
		516B18031B3B334500CD42E9 /* Release */ = {
			isa = XCBuildConfiguration;
			buildSettings = {
				BUNDLE_LOADER = "$(TEST_HOST)";
				FRAMEWORK_SEARCH_PATHS = (
					"$(SDKROOT)/Developer/Library/Frameworks",
					"$(inherited)",
				);
				INFOPLIST_FILE = PigLatinTests/Info.plist;
				LD_RUNPATH_SEARCH_PATHS = "$(inherited) @executable_path/Frameworks @loader_path/Frameworks";
				PRODUCT_NAME = "$(TARGET_NAME)";
				TEST_HOST = "$(BUILT_PRODUCTS_DIR)/PigLatin.app/PigLatin";
			};
			name = Release;
		};
/* End XCBuildConfiguration section */

/* Begin XCConfigurationList section */
		516B17D71B3B334500CD42E9 /* Build configuration list for PBXProject "PigLatin" */ = {
			isa = XCConfigurationList;
			buildConfigurations = (
				516B17FC1B3B334500CD42E9 /* Debug */,
				516B17FD1B3B334500CD42E9 /* Release */,
			);
			defaultConfigurationIsVisible = 0;
			defaultConfigurationName = Release;
		};
		516B17FE1B3B334500CD42E9 /* Build configuration list for PBXNativeTarget "PigLatin" */ = {
			isa = XCConfigurationList;
			buildConfigurations = (
				516B17FF1B3B334500CD42E9 /* Debug */,
				516B18001B3B334500CD42E9 /* Release */,
			);
			defaultConfigurationIsVisible = 0;
		};
		516B18011B3B334500CD42E9 /* Build configuration list for PBXNativeTarget "PigLatinTests" */ = {
			isa = XCConfigurationList;
			buildConfigurations = (
				516B18021B3B334500CD42E9 /* Debug */,
				516B18031B3B334500CD42E9 /* Release */,
			);
			defaultConfigurationIsVisible = 0;
		};
/* End XCConfigurationList section */

/* Begin XCVersionGroup section */
		516B17E31B3B334500CD42E9 /* PigLatin.xcdatamodeld */ = {
			isa = XCVersionGroup;
			children = (
				516B17E41B3B334500CD42E9 /* PigLatin.xcdatamodel */,
			);
			currentVersion = 516B17E41B3B334500CD42E9 /* PigLatin.xcdatamodel */;
			path = PigLatin.xcdatamodeld;
			sourceTree = "<group>";
			versionGroupType = wrapper.xcdatamodel;
		};
/* End XCVersionGroup section */
	};
	rootObject = 516B17D41B3B334500CD42E9 /* Project object */;
}
